
Microsoft Visual Studio Solution File, Format Version 12.00
# Visual Studio Version 16
VisualStudioVersion = 16.0.31229.75
MinimumVisualStudioVersion = 10.0.40219.1
Project("{FAE04EC0-301F-11D3-BF4B-00C04F79EFBC}") = "FactoryMethodPattern", "FactoryMethodPattern\FactoryMethodPattern.csproj", "{8F7921E6-11DD-4BA2-9799-81E3C8C3A0DA}"
EndProject
Project("{FAE04EC0-301F-11D3-BF4B-00C04F79EFBC}") = "AbstractFactoryPattern", "AbstractFactoryPattern\AbstractFactoryPattern.csproj", "{7C418937-00E4-4F0F-A1B1-9B7AB3F1BA46}"
EndProject
Global
	GlobalSection(SolutionConfigurationPlatforms) = preSolution
		Debug|Any CPU = Debug|Any CPU
		Release|Any CPU = Release|Any CPU
	EndGlobalSection
	GlobalSection(ProjectConfigurationPlatforms) = postSolution
		{8F7921E6-11DD-4BA2-9799-81E3C8C3A0DA}.Debug|Any CPU.ActiveCfg = Debug|Any CPU
		{8F7921E6-11DD-4BA2-9799-81E3C8C3A0DA}.Debug|Any CPU.Build.0 = Debug|Any CPU
		{8F7921E6-11DD-4BA2-9799-81E3C8C3A0DA}.Release|Any CPU.ActiveCfg = Release|Any CPU
		{8F7921E6-11DD-4BA2-9799-81E3C8C3A0DA}.Release|Any CPU.Build.0 = Release|Any CPU
		{7C418937-00E4-4F0F-A1B1-9B7AB3F1BA46}.Debug|Any CPU.ActiveCfg = Debug|Any CPU
		{7C418937-00E4-4F0F-A1B1-9B7AB3F1BA46}.Debug|Any CPU.Build.0 = Debug|Any CPU
		{7C418937-00E4-4F0F-A1B1-9B7AB3F1BA46}.Release|Any CPU.ActiveCfg = Release|Any CPU
		{7C418937-00E4-4F0F-A1B1-9B7AB3F1BA46}.Release|Any CPU.Build.0 = Release|Any CPU
	EndGlobalSection
	GlobalSection(SolutionProperties) = preSolution
		HideSolutionNode = FALSE
	EndGlobalSection
	GlobalSection(ExtensibilityGlobals) = postSolution
		SolutionGuid = {D3D50188-2AA0-4773-8BA0-A40AEA257B50}
	EndGlobalSection
EndGlobal
